
Microsoft Visual Studio Solution File, Format Version 12.00
# Visual Studio Version 16
VisualStudioVersion = 16.0.29926.136
MinimumVisualStudioVersion = 10.0.40219.1
Project("{FAE04EC0-301F-11D3-BF4B-00C04F79EFBC}") = "LukeVo.RunOnSave.GlobalTool", "LukeVo.RunOnSave.GlobalTool\LukeVo.RunOnSave.GlobalTool.csproj", "{B22FEB0D-749B-40EE-A993-24EBF6007475}"
EndProject
Global
	GlobalSection(SolutionConfigurationPlatforms) = preSolution
		Debug|Any CPU = Debug|Any CPU
		Release|Any CPU = Release|Any CPU
	EndGlobalSection
	GlobalSection(ProjectConfigurationPlatforms) = postSolution
		{B22FEB0D-749B-40EE-A993-24EBF6007475}.Debug|Any CPU.ActiveCfg = Debug|Any CPU
		{B22FEB0D-749B-40EE-A993-24EBF6007475}.Debug|Any CPU.Build.0 = Debug|Any CPU
		{B22FEB0D-749B-40EE-A993-24EBF6007475}.Release|Any CPU.ActiveCfg = Release|Any CPU
		{B22FEB0D-749B-40EE-A993-24EBF6007475}.Release|Any CPU.Build.0 = Release|Any CPU
	EndGlobalSection
	GlobalSection(SolutionProperties) = preSolution
		HideSolutionNode = FALSE
	EndGlobalSection
	GlobalSection(ExtensibilityGlobals) = postSolution
		SolutionGuid = {92DF6FC9-64DA-4594-A4BB-6697575283A4}
	EndGlobalSection
EndGlobal
